
Microsoft Visual Studio Solution File, Format Version 12.00
# Visual Studio 15
VisualStudioVersion = 15.0.27428.2011
MinimumVisualStudioVersion = 10.0.40219.1
Project("{FAE04EC0-301F-11D3-BF4B-00C04F79EFBC}") = "TravelDiary2", "TravelDiary2\TravelDiary2.csproj", "{6769E72B-A4EA-407A-90DA-F18A089C0110}"
EndProject
Global
	GlobalSection(SolutionConfigurationPlatforms) = preSolution
		Debug|Any CPU = Debug|Any CPU
		Release|Any CPU = Release|Any CPU
	EndGlobalSection
	GlobalSection(ProjectConfigurationPlatforms) = postSolution
		{6769E72B-A4EA-407A-90DA-F18A089C0110}.Debug|Any CPU.ActiveCfg = Debug|Any CPU
		{6769E72B-A4EA-407A-90DA-F18A089C0110}.Debug|Any CPU.Build.0 = Debug|Any CPU
		{6769E72B-A4EA-407A-90DA-F18A089C0110}.Release|Any CPU.ActiveCfg = Release|Any CPU
		{6769E72B-A4EA-407A-90DA-F18A089C0110}.Release|Any CPU.Build.0 = Release|Any CPU
	EndGlobalSection
	GlobalSection(SolutionProperties) = preSolution
		HideSolutionNode = FALSE
	EndGlobalSection
	GlobalSection(ExtensibilityGlobals) = postSolution
		SolutionGuid = {59705041-D4FD-4FCE-8BFD-A0D83B03C726}
	EndGlobalSection
EndGlobal
